github.com/GoogleCloudPlatform/protoc-gen-bq-schema v0.0.0-20190119112626-026f9fcdf705 h1:jVwOUIhgsS+U4xXLETdpIrr8WIP9tSoqDxpuFAXRvUk=
github.com/GoogleCloudPlatform/protoc-gen-bq-schema v0.0.0-20190119112626-026f9fcdf705/go.mod h1:+BxrME0giHzMqsTGNhfrNgxtzMwWYw6pqtXiGrNu5Xo=
github.com/bazelbuild/remote-apis-sdks v0.0.0-20230913202440-cd916d432ba3 h1:2kOaZOuiGooVIFD/v0Jryr8GYJVDLtonch+I4z+bTwo=
github.com/bazelbuild/remote-apis-sdks v0.0.0-20230913202440-cd916d432ba3/go.mod h1:WNEeW945Wmw9cBzCRmuExXm0RN5vF3nczx/c4I5H3Fw=
github.com/golang/protobuf v1.5.0/go.mod h1:FsONVRAS9T7sI+LIUmWTfcYkHO4aIWwzhcaSAoJOfIk=
github.com/golang/protobuf v1.5.3 h1:KhyjKVUg7Usr/dYsdSqoFveMYd5ko72D+zANwlG1mmg=
github.com/golang/protobuf v1.5.3/go.mod h1:XVQd3VNwM+JqD3oG2Ue2ip4fOMUkwXdXDdiuN0vRsmY=
github.com/google/go-cmp v0.5.5/go.mod h1:v8dTdLbMG2kIc/vJvl+f65V22dbkXbowE6jgT/gNBxE=
github.com/google/go-cmp v0.5.9 h1:O2Tfq5qg4qc4AmwVlvv0oLiVAGB7enBSJ2x2DqQFi38=
golang.org/x/net v0.17.0 h1:pVaXccu2ozPjCXewfr1S7xza/zcXTity9cCdXQYSjIM=
golang.org/x/net v0.17.0/go.mod h1:NxSsAGuq816PNPmqtQdLE42eU2Fs7NoRIZrHJAlaCOE=
golang.org/x/sys v0.13.0 h1:Af8nKPmuFypiUBjVoU9V20FiaFXOcuZI21p0ycVYYGE=
golang.org/x/sys v0.13.0/go.mod h1:oPkhp1MJrh7nUepCBck5+mAzfO9JrbApNNgaTdGDITg=
golang.org/x/text v0.13.0 h1:ablQoSUd0tRdKxZewP80B+BaqeKJuVhuRxj/dkrun3k=
golang.org/x/text v0.13.0/go.mod h1:TvPlkZtksWOMsz7fbANvkp4WM8x/WCo/om8BMLbz+aE=
golang.org/x/xerrors v0.0.0-20191204190536-9bdfabe68543/go.mod h1:I/5z698sn9Ka8TeJc9MKroUUfqBBauWjQqLJ2OPfmY0=
google.golang.org/genproto/googleapis/rpc v0.0.0-20230731190214-cbb8c96f2d6d h1:pgIUhmqwKOUlnKna4r6amKdUngdL8DrkpFeV8+VBElY=
google.golang.org/genproto/googleapis/rpc v0.0.0-20230731190214-cbb8c96f2d6d/go.mod h1:TUfxEVdsvPg18p6AslUXFoLdpED4oBnGwyqk3dV1XzM=
google.golang.org/grpc v1.58.0-dev.0.20230804151048-7aceafcc52f9 h1:q+IouZau98MiF17oKDj80j5J4KKnzmcxXsujTA9WGMk=
google.golang.org/grpc v1.58.0-dev.0.20230804151048-7aceafcc52f9/go.mod h1:eQ5TbWncHnnyuYfjb+hBJFRvLf9SSLgqMR7pVc1on3I=
google.golang.org/protobuf v1.26.0-rc.1/go.mod h1:jlhhOSvTdKEhbULTjvd4ARK9grFBp09yW+WbY/TyQbw=
google.golang.org/protobuf v1.26.0/go.mod h1:9q0QmTI4eRPtz6boOQmLYwt+qCgq0jsYwAQnmE0givc=
google.golang.org/protobuf v1.31.0 h1:g0LDEJHgrBl9N9r17Ru3sqWhkIx2NB67okBHPwC7hs8=
google.golang.org/protobuf v1.31.0/go.mod h1:HV8QOd/L58Z+nl8r43ehVNZIU/HEI6OcFqwMG9pJV4I=
